
Microsoft Visual Studio Solution File, Format Version 12.00
# Visual Studio Version 16
VisualStudioVersion = 16.0.30413.136
MinimumVisualStudioVersion = 10.0.40219.1
Project("{2150E333-8FDC-42A3-9474-1A3956D46DE8}") = "Solution Items", "Solution Items", "{94FC31A0-DB75-488D-B5C5-115A32662D49}"
	ProjectSection(SolutionItems) = preProject
		ReadMe.md = ReadMe.md
	EndProjectSection
EndProject
Project("{9A19103F-16F7-4668-BE54-9A1E7A4F7556}") = "Config.cs", "src\Config.cs.csproj", "{A2824F14-9FE8-441C-9600-CE0568BB5FE6}"
EndProject
Project("{9A19103F-16F7-4668-BE54-9A1E7A4F7556}") = "Config.cs.SandboxConsole", "sandbox\Config.cs.SandboxConsole.csproj", "{60B8BDE5-42C1-498F-AA45-F8EC973704E4}"
EndProject
Global
	GlobalSection(SolutionConfigurationPlatforms) = preSolution
		Debug|Any CPU = Debug|Any CPU
		Release|Any CPU = Release|Any CPU
	EndGlobalSection
	GlobalSection(ProjectConfigurationPlatforms) = postSolution
		{A2824F14-9FE8-441C-9600-CE0568BB5FE6}.Debug|Any CPU.ActiveCfg = Debug|Any CPU
		{A2824F14-9FE8-441C-9600-CE0568BB5FE6}.Debug|Any CPU.Build.0 = Debug|Any CPU
		{A2824F14-9FE8-441C-9600-CE0568BB5FE6}.Release|Any CPU.ActiveCfg = Release|Any CPU
		{A2824F14-9FE8-441C-9600-CE0568BB5FE6}.Release|Any CPU.Build.0 = Release|Any CPU
		{60B8BDE5-42C1-498F-AA45-F8EC973704E4}.Debug|Any CPU.ActiveCfg = Debug|Any CPU
		{60B8BDE5-42C1-498F-AA45-F8EC973704E4}.Debug|Any CPU.Build.0 = Debug|Any CPU
		{60B8BDE5-42C1-498F-AA45-F8EC973704E4}.Release|Any CPU.ActiveCfg = Release|Any CPU
		{60B8BDE5-42C1-498F-AA45-F8EC973704E4}.Release|Any CPU.Build.0 = Release|Any CPU
	EndGlobalSection
	GlobalSection(SolutionProperties) = preSolution
		HideSolutionNode = FALSE
	EndGlobalSection
	GlobalSection(NestedProjects) = preSolution
		{A2824F14-9FE8-441C-9600-CE0568BB5FE6} = {94FC31A0-DB75-488D-B5C5-115A32662D49}
	EndGlobalSection
	GlobalSection(ExtensibilityGlobals) = postSolution
		SolutionGuid = {071DF97F-CD79-49DB-BE04-0905729D301F}
	EndGlobalSection
EndGlobal
