
Microsoft Visual Studio Solution File, Format Version 12.00
# Visual Studio Version 16
VisualStudioVersion = 16.0.30413.136
MinimumVisualStudioVersion = 10.0.40219.1
Project("{FAE04EC0-301F-11D3-BF4B-00C04F79EFBC}") = "StaticSerializer.Console", "StaticSerializer.Console\StaticSerializer.Console.csproj", "{D0054010-BF43-4EF9-A7AF-2D944C00BD39}"
EndProject
Project("{FAE04EC0-301F-11D3-BF4B-00C04F79EFBC}") = "StaticSerializer", "StaticSerializer\StaticSerializer.csproj", "{7419A4C5-0D26-4BA3-981E-AE166DD38CD0}"
EndProject
Global
	GlobalSection(SolutionConfigurationPlatforms) = preSolution
		Debug|Any CPU = Debug|Any CPU
		Release|Any CPU = Release|Any CPU
	EndGlobalSection
	GlobalSection(ProjectConfigurationPlatforms) = postSolution
		{D0054010-BF43-4EF9-A7AF-2D944C00BD39}.Debug|Any CPU.ActiveCfg = Debug|Any CPU
		{D0054010-BF43-4EF9-A7AF-2D944C00BD39}.Debug|Any CPU.Build.0 = Debug|Any CPU
		{D0054010-BF43-4EF9-A7AF-2D944C00BD39}.Release|Any CPU.ActiveCfg = Release|Any CPU
		{D0054010-BF43-4EF9-A7AF-2D944C00BD39}.Release|Any CPU.Build.0 = Release|Any CPU
		{7419A4C5-0D26-4BA3-981E-AE166DD38CD0}.Debug|Any CPU.ActiveCfg = Debug|Any CPU
		{7419A4C5-0D26-4BA3-981E-AE166DD38CD0}.Debug|Any CPU.Build.0 = Debug|Any CPU
		{7419A4C5-0D26-4BA3-981E-AE166DD38CD0}.Release|Any CPU.ActiveCfg = Release|Any CPU
		{7419A4C5-0D26-4BA3-981E-AE166DD38CD0}.Release|Any CPU.Build.0 = Release|Any CPU
	EndGlobalSection
	GlobalSection(SolutionProperties) = preSolution
		HideSolutionNode = FALSE
	EndGlobalSection
	GlobalSection(ExtensibilityGlobals) = postSolution
		SolutionGuid = {071DF97F-CD79-49DB-BE04-0905729D301F}
	EndGlobalSection
EndGlobal
